
Microsoft Visual Studio Solution File, Format Version 12.00
# Visual Studio Version 17
VisualStudioVersion = 17.9.34728.123
MinimumVisualStudioVersion = 10.0.40219.1
Project("{2150E333-8FDC-42A3-9474-1A3956D46DE8}") = "src", "src", "{B20DF75B-ECD6-4BA8-A4AE-5833DF3FCC6C}"
EndProject
Project("{2150E333-8FDC-42A3-9474-1A3956D46DE8}") = "Core", "Core", "{43AD395B-8F9D-4B80-9690-BCF016124FDF}"
EndProject
Project("{2150E333-8FDC-42A3-9474-1A3956D46DE8}") = "External", "External", "{BCB07C4F-DEC5-492D-B2EC-F0961B2667B2}"
EndProject
Project("{9A19103F-16F7-4668-BE54-9A1E7A4F7556}") = "Domain", "src\Core\Domain\Domain.csproj", "{A45ABEF4-8407-46B7-8B2C-F16C13A8A8AC}"
EndProject
Project("{9A19103F-16F7-4668-BE54-9A1E7A4F7556}") = "Application", "src\Core\Application\Application.csproj", "{A3CB97B0-A36B-4E69-939B-E356391E2DE8}"
EndProject
Project("{9A19103F-16F7-4668-BE54-9A1E7A4F7556}") = "Infrastructure", "src\External\Infrastructure\Infrastructure.csproj", "{A2A9B42A-795C-4C8A-8668-E3A25DA4F706}"
EndProject
Project("{9A19103F-16F7-4668-BE54-9A1E7A4F7556}") = "Presentation", "src\External\Presentation\Presentation.csproj", "{351C7646-B1C0-41A6-82B8-0AA295CAAA56}"
EndProject
Project("{FAE04EC0-301F-11D3-BF4B-00C04F79EFBC}") = "BankSystem", "src\BankSystem\BankSystem.csproj", "{762EEE24-024C-4A43-9E00-5513D93B2D86}"
EndProject
Global
	GlobalSection(SolutionConfigurationPlatforms) = preSolution
		Debug|Any CPU = Debug|Any CPU
		Release|Any CPU = Release|Any CPU
	EndGlobalSection
	GlobalSection(ProjectConfigurationPlatforms) = postSolution
		{A45ABEF4-8407-46B7-8B2C-F16C13A8A8AC}.Debug|Any CPU.ActiveCfg = Debug|Any CPU
		{A45ABEF4-8407-46B7-8B2C-F16C13A8A8AC}.Debug|Any CPU.Build.0 = Debug|Any CPU
		{A45ABEF4-8407-46B7-8B2C-F16C13A8A8AC}.Release|Any CPU.ActiveCfg = Release|Any CPU
		{A45ABEF4-8407-46B7-8B2C-F16C13A8A8AC}.Release|Any CPU.Build.0 = Release|Any CPU
		{A3CB97B0-A36B-4E69-939B-E356391E2DE8}.Debug|Any CPU.ActiveCfg = Debug|Any CPU
		{A3CB97B0-A36B-4E69-939B-E356391E2DE8}.Debug|Any CPU.Build.0 = Debug|Any CPU
		{A3CB97B0-A36B-4E69-939B-E356391E2DE8}.Release|Any CPU.ActiveCfg = Release|Any CPU
		{A3CB97B0-A36B-4E69-939B-E356391E2DE8}.Release|Any CPU.Build.0 = Release|Any CPU
		{A2A9B42A-795C-4C8A-8668-E3A25DA4F706}.Debug|Any CPU.ActiveCfg = Debug|Any CPU
		{A2A9B42A-795C-4C8A-8668-E3A25DA4F706}.Debug|Any CPU.Build.0 = Debug|Any CPU
		{A2A9B42A-795C-4C8A-8668-E3A25DA4F706}.Release|Any CPU.ActiveCfg = Release|Any CPU
		{A2A9B42A-795C-4C8A-8668-E3A25DA4F706}.Release|Any CPU.Build.0 = Release|Any CPU
		{351C7646-B1C0-41A6-82B8-0AA295CAAA56}.Debug|Any CPU.ActiveCfg = Debug|Any CPU
		{351C7646-B1C0-41A6-82B8-0AA295CAAA56}.Debug|Any CPU.Build.0 = Debug|Any CPU
		{351C7646-B1C0-41A6-82B8-0AA295CAAA56}.Release|Any CPU.ActiveCfg = Release|Any CPU
		{351C7646-B1C0-41A6-82B8-0AA295CAAA56}.Release|Any CPU.Build.0 = Release|Any CPU
		{762EEE24-024C-4A43-9E00-5513D93B2D86}.Debug|Any CPU.ActiveCfg = Debug|Any CPU
		{762EEE24-024C-4A43-9E00-5513D93B2D86}.Debug|Any CPU.Build.0 = Debug|Any CPU
		{762EEE24-024C-4A43-9E00-5513D93B2D86}.Debug|Any CPU.Deploy.0 = Debug|Any CPU
		{762EEE24-024C-4A43-9E00-5513D93B2D86}.Release|Any CPU.ActiveCfg = Release|Any CPU
		{762EEE24-024C-4A43-9E00-5513D93B2D86}.Release|Any CPU.Build.0 = Release|Any CPU
		{762EEE24-024C-4A43-9E00-5513D93B2D86}.Release|Any CPU.Deploy.0 = Release|Any CPU
	EndGlobalSection
	GlobalSection(SolutionProperties) = preSolution
		HideSolutionNode = FALSE
	EndGlobalSection
	GlobalSection(NestedProjects) = preSolution
		{43AD395B-8F9D-4B80-9690-BCF016124FDF} = {B20DF75B-ECD6-4BA8-A4AE-5833DF3FCC6C}
		{BCB07C4F-DEC5-492D-B2EC-F0961B2667B2} = {B20DF75B-ECD6-4BA8-A4AE-5833DF3FCC6C}
		{A45ABEF4-8407-46B7-8B2C-F16C13A8A8AC} = {43AD395B-8F9D-4B80-9690-BCF016124FDF}
		{A3CB97B0-A36B-4E69-939B-E356391E2DE8} = {43AD395B-8F9D-4B80-9690-BCF016124FDF}
		{A2A9B42A-795C-4C8A-8668-E3A25DA4F706} = {BCB07C4F-DEC5-492D-B2EC-F0961B2667B2}
		{351C7646-B1C0-41A6-82B8-0AA295CAAA56} = {BCB07C4F-DEC5-492D-B2EC-F0961B2667B2}
		{762EEE24-024C-4A43-9E00-5513D93B2D86} = {B20DF75B-ECD6-4BA8-A4AE-5833DF3FCC6C}
	EndGlobalSection
	GlobalSection(ExtensibilityGlobals) = postSolution
		SolutionGuid = {A12A12EB-E7CF-4ED9-BB15-FF6D2CA891C3}
	EndGlobalSection
EndGlobal
